
Microsoft Visual Studio Solution File, Format Version 12.00
# Visual Studio 15
Project("{FAE04EC0-301F-11D3-BF4B-00C04F79EFBC}") = "GameScripts", "GameScripts.csproj", "{82D9600A-5930-E76A-54FE-129D556E0072}"
EndProject
Project("{FAE04EC0-301F-11D3-BF4B-00C04F79EFBC}") = "DOTween.Modules", "DOTween.Modules.csproj", "{F8E24B80-B19C-2D7D-9912-44CF184FEBB3}"
EndProject
Project("{FAE04EC0-301F-11D3-BF4B-00C04F79EFBC}") = "Tests", "Tests.csproj", "{34AC00B9-F6EF-719B-D176-73E0E89A82C1}"
EndProject
Project("{FAE04EC0-301F-11D3-BF4B-00C04F79EFBC}") = "PlayModeTest", "PlayModeTest.csproj", "{75EAA323-4760-E659-CA2C-BE8A772A5331}"
EndProject
Global
	GlobalSection(SolutionConfigurationPlatforms) = preSolution
		Debug|Any CPU = Debug|Any CPU
		Release|Any CPU = Release|Any CPU
	EndGlobalSection
	GlobalSection(ProjectConfigurationPlatforms) = postSolution
		{82D9600A-5930-E76A-54FE-129D556E0072}.Debug|Any CPU.ActiveCfg = Debug|Any CPU
		{82D9600A-5930-E76A-54FE-129D556E0072}.Debug|Any CPU.Build.0 = Debug|Any CPU
		{82D9600A-5930-E76A-54FE-129D556E0072}.Release|Any CPU.ActiveCfg = Release|Any CPU
		{82D9600A-5930-E76A-54FE-129D556E0072}.Release|Any CPU.Build.0 = Release|Any CPU
		{F8E24B80-B19C-2D7D-9912-44CF184FEBB3}.Debug|Any CPU.ActiveCfg = Debug|Any CPU
		{F8E24B80-B19C-2D7D-9912-44CF184FEBB3}.Debug|Any CPU.Build.0 = Debug|Any CPU
		{F8E24B80-B19C-2D7D-9912-44CF184FEBB3}.Release|Any CPU.ActiveCfg = Release|Any CPU
		{F8E24B80-B19C-2D7D-9912-44CF184FEBB3}.Release|Any CPU.Build.0 = Release|Any CPU
		{34AC00B9-F6EF-719B-D176-73E0E89A82C1}.Debug|Any CPU.ActiveCfg = Debug|Any CPU
		{34AC00B9-F6EF-719B-D176-73E0E89A82C1}.Debug|Any CPU.Build.0 = Debug|Any CPU
		{34AC00B9-F6EF-719B-D176-73E0E89A82C1}.Release|Any CPU.ActiveCfg = Release|Any CPU
		{34AC00B9-F6EF-719B-D176-73E0E89A82C1}.Release|Any CPU.Build.0 = Release|Any CPU
		{75EAA323-4760-E659-CA2C-BE8A772A5331}.Debug|Any CPU.ActiveCfg = Debug|Any CPU
		{75EAA323-4760-E659-CA2C-BE8A772A5331}.Debug|Any CPU.Build.0 = Debug|Any CPU
		{75EAA323-4760-E659-CA2C-BE8A772A5331}.Release|Any CPU.ActiveCfg = Release|Any CPU
		{75EAA323-4760-E659-CA2C-BE8A772A5331}.Release|Any CPU.Build.0 = Release|Any CPU
	EndGlobalSection
	GlobalSection(SolutionProperties) = preSolution
		HideSolutionNode = FALSE
	EndGlobalSection
EndGlobal
